
Microsoft Visual Studio Solution File, Format Version 12.00
# Visual Studio Version 17
VisualStudioVersion = 17.6.33706.43
MinimumVisualStudioVersion = 10.0.40219.1
Project("{FAE04EC0-301F-11D3-BF4B-00C04F79EFBC}") = "BlogWeb", "BlogWeb\BlogWeb.csproj", "{0E43AC43-2080-443B-BD32-4ACA63AA9118}"
EndProject
Project("{FAE04EC0-301F-11D3-BF4B-00C04F79EFBC}") = "BlogApi", "BlogApi\BlogApi.csproj", "{C8479E72-C131-4458-890D-B35C519BB860}"
EndProject
Project("{FAE04EC0-301F-11D3-BF4B-00C04F79EFBC}") = "DataAccess", "DataAccess\DataAccess.csproj", "{91994EEE-17E5-4DDA-8D17-FE1CFA2C675E}"
EndProject
Global
	GlobalSection(SolutionConfigurationPlatforms) = preSolution
		Debug|Any CPU = Debug|Any CPU
		Release|Any CPU = Release|Any CPU
	EndGlobalSection
	GlobalSection(ProjectConfigurationPlatforms) = postSolution
		{0E43AC43-2080-443B-BD32-4ACA63AA9118}.Debug|Any CPU.ActiveCfg = Debug|Any CPU
		{0E43AC43-2080-443B-BD32-4ACA63AA9118}.Debug|Any CPU.Build.0 = Debug|Any CPU
		{0E43AC43-2080-443B-BD32-4ACA63AA9118}.Release|Any CPU.ActiveCfg = Release|Any CPU
		{0E43AC43-2080-443B-BD32-4ACA63AA9118}.Release|Any CPU.Build.0 = Release|Any CPU
		{C8479E72-C131-4458-890D-B35C519BB860}.Debug|Any CPU.ActiveCfg = Debug|Any CPU
		{C8479E72-C131-4458-890D-B35C519BB860}.Debug|Any CPU.Build.0 = Debug|Any CPU
		{C8479E72-C131-4458-890D-B35C519BB860}.Release|Any CPU.ActiveCfg = Release|Any CPU
		{C8479E72-C131-4458-890D-B35C519BB860}.Release|Any CPU.Build.0 = Release|Any CPU
		{91994EEE-17E5-4DDA-8D17-FE1CFA2C675E}.Debug|Any CPU.ActiveCfg = Debug|Any CPU
		{91994EEE-17E5-4DDA-8D17-FE1CFA2C675E}.Debug|Any CPU.Build.0 = Debug|Any CPU
		{91994EEE-17E5-4DDA-8D17-FE1CFA2C675E}.Release|Any CPU.ActiveCfg = Release|Any CPU
		{91994EEE-17E5-4DDA-8D17-FE1CFA2C675E}.Release|Any CPU.Build.0 = Release|Any CPU
	EndGlobalSection
	GlobalSection(SolutionProperties) = preSolution
		HideSolutionNode = FALSE
	EndGlobalSection
	GlobalSection(ExtensibilityGlobals) = postSolution
		SolutionGuid = {1116D009-E2C0-4EA4-968C-8659E69BD70B}
	EndGlobalSection
EndGlobal
